
Microsoft Visual Studio Solution File, Format Version 12.00
Project("{FAE04EC0-301F-11D3-BF4B-00C04F79EFBC}") = "Aggraze", "Aggraze\Aggraze.csproj", "{14601F7D-977F-4764-9B92-77ACA75AAA06}"
EndProject
Project("{2150E333-8FDC-42A3-9474-1A3956D46DE8}") = "Aggraze", "Aggraze", "{8738FF5B-8D9B-42E1-A5FE-F0FCAC9CA9E2}"
EndProject
Project("{FAE04EC0-301F-11D3-BF4B-00C04F79EFBC}") = "Aggraze.Application", "Aggraze.Application\Aggraze.Application.csproj", "{59CA1CCC-07F8-46B8-A150-A189F827F4C2}"
EndProject
Project("{FAE04EC0-301F-11D3-BF4B-00C04F79EFBC}") = "Aggraze.Infrastructure", "Aggraze.Infrastructure\Aggraze.Infrastructure.csproj", "{D4C6A178-0137-46F1-87D7-1C0241E425CE}"
EndProject
Project("{FAE04EC0-301F-11D3-BF4B-00C04F79EFBC}") = "Aggraze.Domain", "Aggraze.Domain\Aggraze.Domain.csproj", "{6FB46947-3E37-456F-967C-62D7342EB3C3}"
EndProject
Project("{FAE04EC0-301F-11D3-BF4B-00C04F79EFBC}") = "Aggraze.UnitTests", "Aggraze.UnitTests\Aggraze.UnitTests.csproj", "{CAB1D59A-1808-4153-8FAD-25DDF332BE49}"
EndProject
Project("{FAE04EC0-301F-11D3-BF4B-00C04F79EFBC}") = "Aggraze.WebApi", "Aggraze.WebApi\Aggraze.WebApi.csproj", "{4DF89977-508B-4FFB-94FD-EEDE7F252B5E}"
EndProject
Global
	GlobalSection(SolutionConfigurationPlatforms) = preSolution
		Debug|Any CPU = Debug|Any CPU
		Release|Any CPU = Release|Any CPU
	EndGlobalSection
	GlobalSection(ProjectConfigurationPlatforms) = postSolution
		{14601F7D-977F-4764-9B92-77ACA75AAA06}.Debug|Any CPU.ActiveCfg = Debug|Any CPU
		{14601F7D-977F-4764-9B92-77ACA75AAA06}.Debug|Any CPU.Build.0 = Debug|Any CPU
		{14601F7D-977F-4764-9B92-77ACA75AAA06}.Release|Any CPU.ActiveCfg = Release|Any CPU
		{14601F7D-977F-4764-9B92-77ACA75AAA06}.Release|Any CPU.Build.0 = Release|Any CPU
		{59CA1CCC-07F8-46B8-A150-A189F827F4C2}.Debug|Any CPU.ActiveCfg = Debug|Any CPU
		{59CA1CCC-07F8-46B8-A150-A189F827F4C2}.Debug|Any CPU.Build.0 = Debug|Any CPU
		{59CA1CCC-07F8-46B8-A150-A189F827F4C2}.Release|Any CPU.ActiveCfg = Release|Any CPU
		{59CA1CCC-07F8-46B8-A150-A189F827F4C2}.Release|Any CPU.Build.0 = Release|Any CPU
		{D4C6A178-0137-46F1-87D7-1C0241E425CE}.Debug|Any CPU.ActiveCfg = Debug|Any CPU
		{D4C6A178-0137-46F1-87D7-1C0241E425CE}.Debug|Any CPU.Build.0 = Debug|Any CPU
		{D4C6A178-0137-46F1-87D7-1C0241E425CE}.Release|Any CPU.ActiveCfg = Release|Any CPU
		{D4C6A178-0137-46F1-87D7-1C0241E425CE}.Release|Any CPU.Build.0 = Release|Any CPU
		{6FB46947-3E37-456F-967C-62D7342EB3C3}.Debug|Any CPU.ActiveCfg = Debug|Any CPU
		{6FB46947-3E37-456F-967C-62D7342EB3C3}.Debug|Any CPU.Build.0 = Debug|Any CPU
		{6FB46947-3E37-456F-967C-62D7342EB3C3}.Release|Any CPU.ActiveCfg = Release|Any CPU
		{6FB46947-3E37-456F-967C-62D7342EB3C3}.Release|Any CPU.Build.0 = Release|Any CPU
		{CAB1D59A-1808-4153-8FAD-25DDF332BE49}.Debug|Any CPU.ActiveCfg = Debug|Any CPU
		{CAB1D59A-1808-4153-8FAD-25DDF332BE49}.Debug|Any CPU.Build.0 = Debug|Any CPU
		{CAB1D59A-1808-4153-8FAD-25DDF332BE49}.Release|Any CPU.ActiveCfg = Release|Any CPU
		{CAB1D59A-1808-4153-8FAD-25DDF332BE49}.Release|Any CPU.Build.0 = Release|Any CPU
		{4DF89977-508B-4FFB-94FD-EEDE7F252B5E}.Debug|Any CPU.ActiveCfg = Debug|Any CPU
		{4DF89977-508B-4FFB-94FD-EEDE7F252B5E}.Debug|Any CPU.Build.0 = Debug|Any CPU
		{4DF89977-508B-4FFB-94FD-EEDE7F252B5E}.Release|Any CPU.ActiveCfg = Release|Any CPU
		{4DF89977-508B-4FFB-94FD-EEDE7F252B5E}.Release|Any CPU.Build.0 = Release|Any CPU
	EndGlobalSection
	GlobalSection(NestedProjects) = preSolution
		{14601F7D-977F-4764-9B92-77ACA75AAA06} = {8738FF5B-8D9B-42E1-A5FE-F0FCAC9CA9E2}
		{59CA1CCC-07F8-46B8-A150-A189F827F4C2} = {8738FF5B-8D9B-42E1-A5FE-F0FCAC9CA9E2}
		{D4C6A178-0137-46F1-87D7-1C0241E425CE} = {8738FF5B-8D9B-42E1-A5FE-F0FCAC9CA9E2}
		{6FB46947-3E37-456F-967C-62D7342EB3C3} = {8738FF5B-8D9B-42E1-A5FE-F0FCAC9CA9E2}
		{CAB1D59A-1808-4153-8FAD-25DDF332BE49} = {8738FF5B-8D9B-42E1-A5FE-F0FCAC9CA9E2}
		{4DF89977-508B-4FFB-94FD-EEDE7F252B5E} = {8738FF5B-8D9B-42E1-A5FE-F0FCAC9CA9E2}
	EndGlobalSection
EndGlobal
